
Microsoft Visual Studio Solution File, Format Version 12.00
# Visual Studio 14
VisualStudioVersion = 14.0.25420.1
MinimumVisualStudioVersion = 10.0.40219.1
Project("{2150E333-8FDC-42A3-9474-1A3956D46DE8}") = ".paket", ".paket", "{725B7BC7-19AD-41B9-9C3B-59DFF31C81AC}"
	ProjectSection(SolutionItems) = preProject
		paket.dependencies = paket.dependencies
	EndProjectSection
EndProject
Project("{FAE04EC0-301F-11D3-BF4B-00C04F79EFBC}") = "SelfHostStarter", "Src\SelfHostStarter\SelfHostStarter.csproj", "{8419ABF4-A3A5-4460-A006-B8979C2EECC8}"
EndProject
Project("{2150E333-8FDC-42A3-9474-1A3956D46DE8}") = ".scripts", ".scripts", "{12CE9489-F853-4D0B-879E-45DA07C813F2}"
	ProjectSection(SolutionItems) = preProject
		build.cmd = build.cmd
		build.fsx = build.fsx
		build.proj = build.proj
	EndProjectSection
EndProject
Global
	GlobalSection(SolutionConfigurationPlatforms) = preSolution
		Debug|Any CPU = Debug|Any CPU
		Release|Any CPU = Release|Any CPU
	EndGlobalSection
	GlobalSection(ProjectConfigurationPlatforms) = postSolution
		{8419ABF4-A3A5-4460-A006-B8979C2EECC8}.Debug|Any CPU.ActiveCfg = Debug|Any CPU
		{8419ABF4-A3A5-4460-A006-B8979C2EECC8}.Debug|Any CPU.Build.0 = Debug|Any CPU
		{8419ABF4-A3A5-4460-A006-B8979C2EECC8}.Release|Any CPU.ActiveCfg = Release|Any CPU
		{8419ABF4-A3A5-4460-A006-B8979C2EECC8}.Release|Any CPU.Build.0 = Release|Any CPU
	EndGlobalSection
	GlobalSection(SolutionProperties) = preSolution
		HideSolutionNode = FALSE
	EndGlobalSection
EndGlobal
