
Microsoft Visual Studio Solution File, Format Version 12.00
# Visual Studio 14
VisualStudioVersion = 14.0.25420.1
MinimumVisualStudioVersion = 10.0.40219.1
Project("{2150E333-8FDC-42A3-9474-1A3956D46DE8}") = ".scripts", ".scripts", "{12CE9489-F853-4D0B-879E-45DA07C813F2}"
	ProjectSection(SolutionItems) = preProject
		build.cmd = build.cmd
		build.fsx = build.fsx
		build.sh = build.sh
	EndProjectSection
EndProject
Project("{FAE04EC0-301F-11D3-BF4B-00C04F79EFBC}") = "SelfHostStarter", "src\SelfHostStarter\SelfHostStarter.csproj", "{8A0691AC-43AD-4FC7-9BE3-6B5ED6404D31}"
EndProject
Project("{FAE04EC0-301F-11D3-BF4B-00C04F79EFBC}") = "SelfHostStarter.Specs", "src\SelfHostStarter.Specs\SelfHostStarter.Specs.csproj", "{8C22DE81-C99D-4BD6-82FD-AAA4742B0E19}"
EndProject
Global
	GlobalSection(SolutionConfigurationPlatforms) = preSolution
		Debug|Any CPU = Debug|Any CPU
		Release|Any CPU = Release|Any CPU
	EndGlobalSection
	GlobalSection(ProjectConfigurationPlatforms) = postSolution
		{8A0691AC-43AD-4FC7-9BE3-6B5ED6404D31}.Debug|Any CPU.ActiveCfg = Debug|Any CPU
		{8A0691AC-43AD-4FC7-9BE3-6B5ED6404D31}.Debug|Any CPU.Build.0 = Debug|Any CPU
		{8A0691AC-43AD-4FC7-9BE3-6B5ED6404D31}.Release|Any CPU.ActiveCfg = Release|Any CPU
		{8A0691AC-43AD-4FC7-9BE3-6B5ED6404D31}.Release|Any CPU.Build.0 = Release|Any CPU
		{8C22DE81-C99D-4BD6-82FD-AAA4742B0E19}.Debug|Any CPU.ActiveCfg = Debug|Any CPU
		{8C22DE81-C99D-4BD6-82FD-AAA4742B0E19}.Debug|Any CPU.Build.0 = Debug|Any CPU
		{8C22DE81-C99D-4BD6-82FD-AAA4742B0E19}.Release|Any CPU.ActiveCfg = Release|Any CPU
		{8C22DE81-C99D-4BD6-82FD-AAA4742B0E19}.Release|Any CPU.Build.0 = Release|Any CPU
	EndGlobalSection
	GlobalSection(SolutionProperties) = preSolution
		HideSolutionNode = FALSE
	EndGlobalSection
EndGlobal
